# THIS IS AN AUTOGENERATED FILE. DO NOT EDIT THIS FILE DIRECTLY.
# yarn lockfile v1


lodash@^4.15.0:
  version "4.17.20"
  resolved "https://registry.yarnpkg.com/lodash/-/lodash-4.17.20.tgz#b44a9b6297bcb698f1c51a3545a2b3b368d59c52"
  integrity sha512-PlhdFcillOINfeV7Ni6oF1TAEayyZBoZ8bcshTHqOYJYlrqzRK5hagpagky5o4HfCzzd1TRkXPMFq6cKk9rGmA==

simple-markdown@^0.5.2:
  version "0.5.3"
  resolved "https://registry.yarnpkg.com/simple-markdown/-/simple-markdown-0.5.3.tgz#4c31cc7adbadb545d9a0ba782a6f0f3ef78dbb24"
  integrity sha512-nFvw0DTiVHdd7v/f1DyuQ+2b3V3ZXummODZ9z9IO2dBVM+h4Cg5nnfuU43h6DYcsVrHHI1HcMe8t3b/lpAYBIQ==
